<?xml version="1.0" encoding="utf-8"?>
<Project ToolsVersion="4.0" xmlns="http://schemas.microsoft.com/developer/msbuild/2003">
  <ItemGroup>
    <Filter Include="소스 파일">
      <UniqueIdentifier>{4FC737F1-C7A5-4376-A066-2A32D752A2FF}</UniqueIdentifier>
      <Extensions>cpp;c;cc;cxx;c++;cppm;ixx;def;odl;idl;hpj;bat;asm;asmx</Extensions>
    </Filter>
    <Filter Include="헤더 파일">
      <UniqueIdentifier>{93995380-89BD-4b04-88EB-625FBE52EBFB}</UniqueIdentifier>
      <Extensions>h;hh;hpp;hxx;h++;hm;inl;inc;ipp;xsd</Extensions>
    </Filter>
    <Filter Include="리소스 파일">
      <UniqueIdentifier>{67DA6AB6-F800-4c08-8B7A-83BB121AAD01}</UniqueIdentifier>
      <Extensions>rc;ico;cur;bmp;dlg;rc2;rct;bin;rgs;gif;jpg;jpeg;jpe;resx;tiff;tif;png;wav;mfcribbon-ms</Extensions>
    </Filter>
    <Filter Include="헤더 파일\Lib">
      <UniqueIdentifier>{616e0109-c599-4e07-a7e3-cdc16e6c7fd5}</UniqueIdentifier>
    </Filter>
  </ItemGroup>
  <ItemGroup>
    <ClCompile Include="srcCode\BlockGame.cpp">
      <Filter>소스 파일</Filter>
    </ClCompile>
    <ClCompile Include="srcCode\FrankLunaLib\d3dUtil.cpp">
      <Filter>헤더 파일\Lib</Filter>
    </ClCompile>
    <ClCompile Include="srcCode\MicrosoftLib\DDSTextureLoader.cpp">
      <Filter>헤더 파일\Lib</Filter>
    </ClCompile>
    <ClCompile Include="srcCode\FrankLunaLib\GeometryGenerator.cpp">
      <Filter>헤더 파일\Lib</Filter>
    </ClCompile>
    <ClCompile Include="srcCode\FrankLunaLib\MathHelper.cpp">
      <Filter>헤더 파일\Lib</Filter>
    </ClCompile>
  </ItemGroup>
  <ItemGroup>
    <ClInclude Include="srcCode\FrankLunaLib\d3dUtil.h">
      <Filter>헤더 파일\Lib</Filter>
    </ClInclude>
    <ClInclude Include="srcCode\MicrosoftLib\d3dx12.h">
      <Filter>헤더 파일\Lib</Filter>
    </ClInclude>
    <ClInclude Include="srcCode\MicrosoftLib\DDSTextureLoader.h">
      <Filter>헤더 파일\Lib</Filter>
    </ClInclude>
    <ClInclude Include="srcCode\DirectX12App.h">
      <Filter>헤더 파일\Lib</Filter>
    </ClInclude>
    <ClInclude Include="srcCode\FrankLunaLib\GeometryGenerator.h">
      <Filter>헤더 파일\Lib</Filter>
    </ClInclude>
    <ClInclude Include="srcCode\FrankLunaLib\MathHelper.h">
      <Filter>헤더 파일\Lib</Filter>
    </ClInclude>
    <ClInclude Include="srcCode\UtilLib\Timer.h">
      <Filter>헤더 파일\Lib</Filter>
    </ClInclude>
    <ClInclude Include="srcCode\FrankLunaLib\UploadBuffer.h">
      <Filter>헤더 파일\Lib</Filter>
    </ClInclude>
    <ClInclude Include="srcCode\UtilLib\3Dphysics.h">
      <Filter>헤더 파일\Lib</Filter>
    </ClInclude>
  </ItemGroup>
</Project>